
Microsoft Visual Studio Solution File, Format Version 12.00
# Visual Studio Version 16
VisualStudioVersion = 16.0.31005.135
MinimumVisualStudioVersion = 10.0.40219.1
Project("{FAE04EC0-301F-11D3-BF4B-00C04F79EFBC}") = "Time", "Time\Time.csproj", "{D8D5145A-7575-4E6C-A960-DF010058B190}"
EndProject
Global
	GlobalSection(SolutionConfigurationPlatforms) = preSolution
		Debug|Any CPU = Debug|Any CPU
		Release|Any CPU = Release|Any CPU
	EndGlobalSection
	GlobalSection(ProjectConfigurationPlatforms) = postSolution
		{D8D5145A-7575-4E6C-A960-DF010058B190}.Debug|Any CPU.ActiveCfg = Debug|Any CPU
		{D8D5145A-7575-4E6C-A960-DF010058B190}.Debug|Any CPU.Build.0 = Debug|Any CPU
		{D8D5145A-7575-4E6C-A960-DF010058B190}.Release|Any CPU.ActiveCfg = Release|Any CPU
		{D8D5145A-7575-4E6C-A960-DF010058B190}.Release|Any CPU.Build.0 = Release|Any CPU
	EndGlobalSection
	GlobalSection(SolutionProperties) = preSolution
		HideSolutionNode = FALSE
	EndGlobalSection
	GlobalSection(ExtensibilityGlobals) = postSolution
		SolutionGuid = {39CDD3EA-F4CB-41A4-881F-0EE6C09FC610}
	EndGlobalSection
EndGlobal
